
Microsoft Visual Studio Solution File, Format Version 12.00
# Visual Studio 14
VisualStudioVersion = 14.0.24720.0
MinimumVisualStudioVersion = 10.0.40219.1
Project("{FAE04EC0-301F-11D3-BF4B-00C04F79EFBC}") = "prgArticulos", "prgArticulos\prgArticulos.csproj", "{2A7FFFD5-7519-4B0E-843D-DB367A93BBBA}"
EndProject
Project("{FAE04EC0-301F-11D3-BF4B-00C04F79EFBC}") = "Modelo", "clsConexionSQL\Modelo.csproj", "{EEA049B3-33F1-4143-852F-192947046876}"
EndProject
Project("{FAE04EC0-301F-11D3-BF4B-00C04F79EFBC}") = "Controlador", "Controlador\Controlador.csproj", "{9CBE66BE-74E1-46CB-A488-258AD61F3533}"
EndProject
Global
	GlobalSection(SolutionConfigurationPlatforms) = preSolution
		Debug|Any CPU = Debug|Any CPU
		Release|Any CPU = Release|Any CPU
	EndGlobalSection
	GlobalSection(ProjectConfigurationPlatforms) = postSolution
		{2A7FFFD5-7519-4B0E-843D-DB367A93BBBA}.Debug|Any CPU.ActiveCfg = Debug|Any CPU
		{2A7FFFD5-7519-4B0E-843D-DB367A93BBBA}.Debug|Any CPU.Build.0 = Debug|Any CPU
		{2A7FFFD5-7519-4B0E-843D-DB367A93BBBA}.Release|Any CPU.ActiveCfg = Release|Any CPU
		{2A7FFFD5-7519-4B0E-843D-DB367A93BBBA}.Release|Any CPU.Build.0 = Release|Any CPU
		{EEA049B3-33F1-4143-852F-192947046876}.Debug|Any CPU.ActiveCfg = Debug|Any CPU
		{EEA049B3-33F1-4143-852F-192947046876}.Debug|Any CPU.Build.0 = Debug|Any CPU
		{EEA049B3-33F1-4143-852F-192947046876}.Release|Any CPU.ActiveCfg = Release|Any CPU
		{EEA049B3-33F1-4143-852F-192947046876}.Release|Any CPU.Build.0 = Release|Any CPU
		{9CBE66BE-74E1-46CB-A488-258AD61F3533}.Debug|Any CPU.ActiveCfg = Debug|Any CPU
		{9CBE66BE-74E1-46CB-A488-258AD61F3533}.Debug|Any CPU.Build.0 = Debug|Any CPU
		{9CBE66BE-74E1-46CB-A488-258AD61F3533}.Release|Any CPU.ActiveCfg = Release|Any CPU
		{9CBE66BE-74E1-46CB-A488-258AD61F3533}.Release|Any CPU.Build.0 = Release|Any CPU
	EndGlobalSection
	GlobalSection(SolutionProperties) = preSolution
		HideSolutionNode = FALSE
	EndGlobalSection
EndGlobal
